
Microsoft Visual Studio Solution File, Format Version 12.00
# Visual Studio Version 16
VisualStudioVersion = 16.0.32602.291
MinimumVisualStudioVersion = 10.0.40219.1
Project("{FAE04EC0-301F-11D3-BF4B-00C04F79EFBC}") = "RunDNS", "RunDNS\RunDNS.csproj", "{3DF74107-E30F-4E47-82AD-B0804548B904}"
EndProject
Global
	GlobalSection(SolutionConfigurationPlatforms) = preSolution
		Debug|Any CPU = Debug|Any CPU
		Release|Any CPU = Release|Any CPU
	EndGlobalSection
	GlobalSection(ProjectConfigurationPlatforms) = postSolution
		{3DF74107-E30F-4E47-82AD-B0804548B904}.Debug|Any CPU.ActiveCfg = Debug|Any CPU
		{3DF74107-E30F-4E47-82AD-B0804548B904}.Debug|Any CPU.Build.0 = Debug|Any CPU
		{3DF74107-E30F-4E47-82AD-B0804548B904}.Release|Any CPU.ActiveCfg = Release|Any CPU
		{3DF74107-E30F-4E47-82AD-B0804548B904}.Release|Any CPU.Build.0 = Release|Any CPU
	EndGlobalSection
	GlobalSection(SolutionProperties) = preSolution
		HideSolutionNode = FALSE
	EndGlobalSection
	GlobalSection(ExtensibilityGlobals) = postSolution
		SolutionGuid = {5D110C4C-D381-4734-B2D8-9BC5B559CFE7}
	EndGlobalSection
EndGlobal
